
Microsoft Visual Studio Solution File, Format Version 12.00
# Visual Studio Version 17
VisualStudioVersion = 17.0.32112.339
MinimumVisualStudioVersion = 10.0.40219.1
Project("{9A19103F-16F7-4668-BE54-9A1E7A4F7556}") = "wpf_desktopclient", "wpf_desktopclient\wpf_desktopclient.csproj", "{8DFE1E45-8250-4266-901E-0901EE2F5599}"
EndProject
Project("{2150E333-8FDC-42A3-9474-1A3956D46DE8}") = "Solution Items", "Solution Items", "{0E6E2824-99DF-4000-9AB0-BAF796D1E45C}"
	ProjectSection(SolutionItems) = preProject
		.editorconfig = .editorconfig
	EndProjectSection
EndProject
Project("{54435603-DBB4-11D2-8724-00A0C9A8B90C}") = "Installer", "Installer\Installer.vdproj", "{B65C1C91-F4A4-46A8-BBCE-9C56DDCCD2FC}"
EndProject
Global
	GlobalSection(SolutionConfigurationPlatforms) = preSolution
		Debug|Any CPU = Debug|Any CPU
		Release|Any CPU = Release|Any CPU
	EndGlobalSection
	GlobalSection(ProjectConfigurationPlatforms) = postSolution
		{8DFE1E45-8250-4266-901E-0901EE2F5599}.Debug|Any CPU.ActiveCfg = Debug|Any CPU
		{8DFE1E45-8250-4266-901E-0901EE2F5599}.Debug|Any CPU.Build.0 = Debug|Any CPU
		{8DFE1E45-8250-4266-901E-0901EE2F5599}.Release|Any CPU.ActiveCfg = Release|Any CPU
		{8DFE1E45-8250-4266-901E-0901EE2F5599}.Release|Any CPU.Build.0 = Release|Any CPU
		{B65C1C91-F4A4-46A8-BBCE-9C56DDCCD2FC}.Debug|Any CPU.ActiveCfg = Debug
		{B65C1C91-F4A4-46A8-BBCE-9C56DDCCD2FC}.Release|Any CPU.ActiveCfg = Release
	EndGlobalSection
	GlobalSection(SolutionProperties) = preSolution
		HideSolutionNode = FALSE
	EndGlobalSection
	GlobalSection(ExtensibilityGlobals) = postSolution
		SolutionGuid = {5B6C61CA-7EEE-4E68-82AF-D748193FC0F0}
	EndGlobalSection
EndGlobal
